SITE
  remote: http://community.opscode.com/api/v1
  specs:
    apt (1.9.2)
    build-essential (1.3.4)
    chef_gem (0.1.0)
    chef_handler (1.1.4)
    dmg (1.1.0)
    git (2.2.0)
      build-essential (>= 0.0.0)
      dmg (>= 0.0.0)
      runit (<= 0.16.2)
      windows (>= 0.0.0)
      yum (>= 0.0.0)
    java (1.10.0)
      windows (>= 0.0.0)
    jetty (0.1.0)
      java (>= 0.0.0)
      jpackage (>= 0.0.0)
      openssl (>= 0.0.0)
    jpackage (1.0.0)
      java (>= 0.0.0)
    ohai (1.1.8)
    openssl (1.0.2)
    postgresql (2.2.2)
      openssl (>= 0.0.0)
    runit (0.16.2)
    windows (1.8.8)
      chef_handler (>= 0.0.0)
    yum (2.2.0)

GIT
  remote: git://github.com/opscode-cookbooks/nginx.git
  ref: master
  sha: 50572236b422785d75c1ea65eeb176778a75e484
  specs:
    nginx (1.4.0)
      apt (>= 0.0.0)
      build-essential (>= 0.0.0)
      ohai (>= 1.1.4)
      yum (>= 0.0.0)

GIT
  remote: https://github.com/fnichol/chef-rvm
  ref: master
  sha: 08a06bc7c3c9fd0fb6b3a9b80f27bd74e109660c
  specs:
    rvm (0.9.1)
      chef_gem (>= 0.0.0)

GIT
  remote: https://github.com/theozaurus/chef-solr
  ref: master
  sha: 3baba5227418888a3e091a071180226127d2c7b5
  specs:
    chef-solr (0.1.2)
      jetty (>= 0.0.0)

DEPENDENCIES
  apt (>= 0)
  build-essential (>= 0)
  chef-solr (>= 0)
  git (>= 0)
  jetty (>= 0)
  nginx (>= 0)
  openssl (>= 0)
  postgresql (>= 0)
  runit (<= 0.16.2)
  rvm (>= 0)

